
Microsoft Visual Studio Solution File, Format Version 12.00
# Visual Studio Version 16
VisualStudioVersion = 16.0.33130.400
MinimumVisualStudioVersion = 10.0.40219.1
Project("{FAE04EC0-301F-11D3-BF4B-00C04F79EFBC}") = "Github Link Fixer", "Github Link Fixer.csproj", "{20FBFF67-002E-485D-85C2-E749150797DC}"
EndProject
Global
	GlobalSection(SolutionConfigurationPlatforms) = preSolution
		Debug|Any CPU = Debug|Any CPU
		Release|Any CPU = Release|Any CPU
	EndGlobalSection
	GlobalSection(ProjectConfigurationPlatforms) = postSolution
		{20FBFF67-002E-485D-85C2-E749150797DC}.Debug|Any CPU.ActiveCfg = Debug|Any CPU
		{20FBFF67-002E-485D-85C2-E749150797DC}.Debug|Any CPU.Build.0 = Debug|Any CPU
		{20FBFF67-002E-485D-85C2-E749150797DC}.Release|Any CPU.ActiveCfg = Release|Any CPU
		{20FBFF67-002E-485D-85C2-E749150797DC}.Release|Any CPU.Build.0 = Release|Any CPU
	EndGlobalSection
	GlobalSection(SolutionProperties) = preSolution
		HideSolutionNode = FALSE
	EndGlobalSection
	GlobalSection(ExtensibilityGlobals) = postSolution
		SolutionGuid = {DC980A07-F0A2-4453-B156-983BC2043955}
	EndGlobalSection
EndGlobal
